
Microsoft Visual Studio Solution File, Format Version 12.00
# Visual Studio Version 16
VisualStudioVersion = 16.0.31321.278
MinimumVisualStudioVersion = 10.0.40219.1
Project("{FAE04EC0-301F-11D3-BF4B-00C04F79EFBC}") = "GherkinTestProject", "GherkinTestProject\GherkinTestProject.csproj", "{41DD35B7-F4CB-4FC1-9359-ED52AEA23EB2}"
EndProject
Project("{FAE04EC0-301F-11D3-BF4B-00C04F79EFBC}") = "GherkinAutoFramework", "GherkinAutoFramework\GherkinAutoFramework.csproj", "{E57C5B06-7CFC-4EF0-8A99-E2B81B54DE87}"
EndProject
Global
	GlobalSection(SolutionConfigurationPlatforms) = preSolution
		Debug|Any CPU = Debug|Any CPU
		Release|Any CPU = Release|Any CPU
	EndGlobalSection
	GlobalSection(ProjectConfigurationPlatforms) = postSolution
		{41DD35B7-F4CB-4FC1-9359-ED52AEA23EB2}.Debug|Any CPU.ActiveCfg = Debug|Any CPU
		{41DD35B7-F4CB-4FC1-9359-ED52AEA23EB2}.Debug|Any CPU.Build.0 = Debug|Any CPU
		{41DD35B7-F4CB-4FC1-9359-ED52AEA23EB2}.Release|Any CPU.ActiveCfg = Release|Any CPU
		{41DD35B7-F4CB-4FC1-9359-ED52AEA23EB2}.Release|Any CPU.Build.0 = Release|Any CPU
		{E57C5B06-7CFC-4EF0-8A99-E2B81B54DE87}.Debug|Any CPU.ActiveCfg = Debug|Any CPU
		{E57C5B06-7CFC-4EF0-8A99-E2B81B54DE87}.Debug|Any CPU.Build.0 = Debug|Any CPU
		{E57C5B06-7CFC-4EF0-8A99-E2B81B54DE87}.Release|Any CPU.ActiveCfg = Release|Any CPU
		{E57C5B06-7CFC-4EF0-8A99-E2B81B54DE87}.Release|Any CPU.Build.0 = Release|Any CPU
	EndGlobalSection
	GlobalSection(SolutionProperties) = preSolution
		HideSolutionNode = FALSE
	EndGlobalSection
	GlobalSection(ExtensibilityGlobals) = postSolution
		SolutionGuid = {1CA05678-DB69-4E0B-BCED-2DE6AE87EE6C}
	EndGlobalSection
EndGlobal
